{
    "_readme": [
        "This file locks the dependencies of your project to a known state",
        "Read more about it at https://getcomposer.org/doc/01-basic-usage.md#composer-lock-the-lock-file",
        "This file is @generated automatically"
    ],
    "hash": "501d5ab178030564d06c75fbb371f3da",
    "content-hash": "9b31c4c80a709b361cc2afb19108de36",
    "packages": [],
    "packages-dev": [],
    "aliases": [],
    "minimum-stability": "stable",
    "stability-flags": [],
    "prefer-stable": false,
    "prefer-lowest": false,
    "platform": {
        "php": ">=5.6",
        "ext-curl": "*",
        "ext-curve25519": "*",
        "ext-gd": "*",
        "ext-mcrypt": "*",
        "ext-openssl": "*",
        "ext-pdo": "*",
        "ext-protobuf": "*",
        "ext-sockets": "*"
    },
    "platform-dev": []
}
