{
    "_readme": [
        "This file locks the dependencies of your project to a known state",
        "Read more about it at https://getcomposer.org/doc/01-basic-usage.md#composer-lock-the-lock-file",
        "This file is @generated automatically"
    ],
    "hash": "a77ba57b071c766249ee9f4beabeecff",
    "content-hash": "4b0c895f6fee49492e3221138f36ebe3",
    "packages": [],
    "packages-dev": [],
    "aliases": [],
    "minimum-stability": "stable",
    "stability-flags": [],
    "prefer-stable": false,
    "prefer-lowest": false,
    "platform": {
        "php": ">=5.6",
        "ext-curl": "*",
        "ext-gd": "*",
        "ext-mcrypt": "*",
        "ext-openssl": "*",
        "ext-pdo": "*",
        "ext-sockets": "*"
    },
    "platform-dev": []
}
