{
    "_readme": [
        "This file locks the dependencies of your project to a known state",
        "Read more about it at https://getcomposer.org/doc/01-basic-usage.md#composer-lock-the-lock-file",
        "This file is @generated automatically"
    ],
    "hash": "beabeb3c8b3495bc5dfd49cb9bf85d7a",
    "content-hash": "76ad7276eb7ede883cc1ec30ac4cc9ba",
    "packages": [],
    "packages-dev": [],
    "aliases": [],
    "minimum-stability": "stable",
    "stability-flags": [],
    "prefer-stable": false,
    "prefer-lowest": false,
    "platform": {
        "php": ">=5.6",
        "ext-curl": "*",
        "ext-gd": "*",
        "ext-mcrypt": "*",
        "ext-openssl": "*",
        "ext-pdo": "*",
        "ext-protobuf": "*",
        "ext-sockets": "*"
    },
    "platform-dev": []
}
